{
  "nodes": {
    "crane": {
      "locked": {
        "lastModified": 1773189535,
        "narHash": "sha256-E1G/Or6MWeP+L6mpQ0iTFLpzSzlpGrITfU2220Gq47g=",
        "owner": "ipetkov",
        "repo": "crane",
        "rev": "6fa2fb4cf4a89ba49fc9dd5a3eb6cde99d388269",
        "type": "github"
      },
      "original": {
        "owner": "ipetkov",
        "repo": "crane",
        "type": "github"
      }
    },
    "criome-cozo": {
      "flake": false,
      "locked": {
        "lastModified": 1774255546,
        "narHash": "sha256-hpDxRqmFHE024iyW35IfD16EteTKVo+nmOxIl6cLlyQ=",
        "owner": "LiGoldragon",
        "repo": "criome-cozo",
        "rev": "82d338fbe1767afb42f00b7e9ab973f47c852a0a",
        "type": "github"
      },
      "original": {
        "owner": "LiGoldragon",
        "repo": "criome-cozo",
        "type": "github"
      }
    },
    "fenix": {
      "inputs": {
        "nixpkgs": [
          "nixpkgs"
        ],
        "rust-analyzer-src": "rust-analyzer-src"
      },
      "locked": {
        "lastModified": 1773646590,
        "narHash": "sha256-qwnecNC3DB0hSu6MvU27xh/Mg9uPbmmg7d1wBOtO7ds=",
        "owner": "nix-community",
        "repo": "fenix",
        "rev": "350a4df2afc34c1ae115173e0509cec7067a06c9",
        "type": "github"
      },
      "original": {
        "owner": "nix-community",
        "repo": "fenix",
        "type": "github"
      }
    },
    "flake-utils": {
      "inputs": {
        "systems": "systems"
      },
      "locked": {
        "lastModified": 1731533236,
        "narHash": "sha256-l0KFg5HjrsfsO/JpG+r7fRrqm12kzFHyUHqHCVpMMbI=",
        "owner": "numtide",
        "repo": "flake-utils",
        "rev": "11707dc2f618dd54ca8739b309ec4fc024de578b",
        "type": "github"
      },
      "original": {
        "owner": "numtide",
        "repo": "flake-utils",
        "type": "github"
      }
    },
    "nixpkgs": {
      "locked": {
        "lastModified": 1773597492,
        "narHash": "sha256-hQ284SkIeNaeyud+LS0WVLX+WL2rxcVZLFEaK0e03zg=",
        "owner": "NixOS",
        "repo": "nixpkgs",
        "rev": "a07d4ce6bee67d7c838a8a5796e75dff9caa21ef",
        "type": "github"
      },
      "original": {
        "owner": "NixOS",
        "ref": "nixpkgs-unstable",
        "repo": "nixpkgs",
        "type": "github"
      }
    },
    "root": {
      "inputs": {
        "crane": "crane",
        "criome-cozo": "criome-cozo",
        "fenix": "fenix",
        "flake-utils": "flake-utils",
        "nixpkgs": "nixpkgs",
        "samskara-codegen": "samskara-codegen",
        "samskara-core": "samskara-core",
        "samskara-lojix-contract": "samskara-lojix-contract"
      }
    },
    "rust-analyzer-src": {
      "flake": false,
      "locked": {
        "lastModified": 1773543526,
        "narHash": "sha256-CKmkYqUi2pI1uDGDfpK0mkZbRLyjUKCpYDU3eMHtmks=",
        "owner": "rust-lang",
        "repo": "rust-analyzer",
        "rev": "90c8906e6443e7cee18cece9c2621a8b1c10794c",
        "type": "github"
      },
      "original": {
        "owner": "rust-lang",
        "ref": "nightly",
        "repo": "rust-analyzer",
        "type": "github"
      }
    },
    "samskara-codegen": {
      "flake": false,
      "locked": {
        "lastModified": 1774355423,
        "narHash": "sha256-OHqHeqhbnJ4haWCUREdxS1/8/GsJjpnnFxwCAo8Ud1M=",
        "owner": "LiGoldragon",
        "repo": "samskara-codegen",
        "rev": "a41d96d1f99e247c729ce06f721a36c74445e0db",
        "type": "github"
      },
      "original": {
        "owner": "LiGoldragon",
        "repo": "samskara-codegen",
        "type": "github"
      }
    },
    "samskara-core": {
      "flake": false,
      "locked": {
        "lastModified": 1775473573,
        "narHash": "sha256-/JpO5LGMOSX95tTL71Jobsjs1NEgfsCo+bsxJSL+jOg=",
        "owner": "LiGoldragon",
        "repo": "samskara-core",
        "rev": "85380ae3e4107b77d0d7846eb37f41c442559611",
        "type": "github"
      },
      "original": {
        "owner": "LiGoldragon",
        "repo": "samskara-core",
        "type": "github"
      }
    },
    "samskara-lojix-contract": {
      "flake": false,
      "locked": {
        "lastModified": 1774255559,
        "narHash": "sha256-beotT5+n+9Ak45eMwGaOdog68DNTXRYIWkdTIyKC//k=",
        "owner": "LiGoldragon",
        "repo": "samskara-lojix-contract",
        "rev": "42875071591c4c850d8eee6a03c397a505c0ccb3",
        "type": "github"
      },
      "original": {
        "owner": "LiGoldragon",
        "repo": "samskara-lojix-contract",
        "type": "github"
      }
    },
    "systems": {
      "locked": {
        "lastModified": 1681028828,
        "narHash": "sha256-Vy1rq5AaRuLzOxct8nz4T6wlgyUR7zLU309k9mBC768=",
        "owner": "nix-systems",
        "repo": "default",
        "rev": "da67096a3b9bf56a91d16901293e51ba5b49a27e",
        "type": "github"
      },
      "original": {
        "owner": "nix-systems",
        "repo": "default",
        "type": "github"
      }
    }
  },
  "root": "root",
  "version": 7
}
